
Microsoft Visual Studio Solution File, Format Version 12.00
# Visual Studio Version 16
VisualStudioVersion = 16.0.29215.179
MinimumVisualStudioVersion = 10.0.40219.1
Project("{FAE04EC0-301F-11D3-BF4B-00C04F79EFBC}") = "E-Wine", "E-Wine\E-Wine.csproj", "{38220231-0379-4352-A36B-7BF0654A7A7E}"
EndProject
Project("{FAE04EC0-301F-11D3-BF4B-00C04F79EFBC}") = "Domain", "Domain\Domain.csproj", "{26E18F7E-5999-4B50-98D6-F97AB886252E}"
EndProject
Project("{FAE04EC0-301F-11D3-BF4B-00C04F79EFBC}") = "Repository", "Repository\Repository.csproj", "{CAB1314F-A87C-4A2A-81EC-13A397404505}"
EndProject
Project("{FAE04EC0-301F-11D3-BF4B-00C04F79EFBC}") = "Shared", "Shared\Shared.csproj", "{ED6C04D0-FD40-4622-AF81-00A13EB8FC8A}"
EndProject
Project("{FAE04EC0-301F-11D3-BF4B-00C04F79EFBC}") = "Tests", "Tests\Tests.csproj", "{F906BE44-EC9F-4ADE-B457-AD357DE4D4BA}"
EndProject
Global
	GlobalSection(SolutionConfigurationPlatforms) = preSolution
		Debug|Any CPU = Debug|Any CPU
		Release|Any CPU = Release|Any CPU
	EndGlobalSection
	GlobalSection(ProjectConfigurationPlatforms) = postSolution
		{38220231-0379-4352-A36B-7BF0654A7A7E}.Debug|Any CPU.ActiveCfg = Debug|Any CPU
		{38220231-0379-4352-A36B-7BF0654A7A7E}.Debug|Any CPU.Build.0 = Debug|Any CPU
		{38220231-0379-4352-A36B-7BF0654A7A7E}.Release|Any CPU.ActiveCfg = Release|Any CPU
		{38220231-0379-4352-A36B-7BF0654A7A7E}.Release|Any CPU.Build.0 = Release|Any CPU
		{26E18F7E-5999-4B50-98D6-F97AB886252E}.Debug|Any CPU.ActiveCfg = Debug|Any CPU
		{26E18F7E-5999-4B50-98D6-F97AB886252E}.Debug|Any CPU.Build.0 = Debug|Any CPU
		{26E18F7E-5999-4B50-98D6-F97AB886252E}.Release|Any CPU.ActiveCfg = Release|Any CPU
		{26E18F7E-5999-4B50-98D6-F97AB886252E}.Release|Any CPU.Build.0 = Release|Any CPU
		{CAB1314F-A87C-4A2A-81EC-13A397404505}.Debug|Any CPU.ActiveCfg = Debug|Any CPU
		{CAB1314F-A87C-4A2A-81EC-13A397404505}.Debug|Any CPU.Build.0 = Debug|Any CPU
		{CAB1314F-A87C-4A2A-81EC-13A397404505}.Release|Any CPU.ActiveCfg = Release|Any CPU
		{CAB1314F-A87C-4A2A-81EC-13A397404505}.Release|Any CPU.Build.0 = Release|Any CPU
		{ED6C04D0-FD40-4622-AF81-00A13EB8FC8A}.Debug|Any CPU.ActiveCfg = Debug|Any CPU
		{ED6C04D0-FD40-4622-AF81-00A13EB8FC8A}.Debug|Any CPU.Build.0 = Debug|Any CPU
		{ED6C04D0-FD40-4622-AF81-00A13EB8FC8A}.Release|Any CPU.ActiveCfg = Release|Any CPU
		{ED6C04D0-FD40-4622-AF81-00A13EB8FC8A}.Release|Any CPU.Build.0 = Release|Any CPU
		{F906BE44-EC9F-4ADE-B457-AD357DE4D4BA}.Debug|Any CPU.ActiveCfg = Debug|Any CPU
		{F906BE44-EC9F-4ADE-B457-AD357DE4D4BA}.Debug|Any CPU.Build.0 = Debug|Any CPU
		{F906BE44-EC9F-4ADE-B457-AD357DE4D4BA}.Release|Any CPU.ActiveCfg = Release|Any CPU
		{F906BE44-EC9F-4ADE-B457-AD357DE4D4BA}.Release|Any CPU.Build.0 = Release|Any CPU
	EndGlobalSection
	GlobalSection(SolutionProperties) = preSolution
		HideSolutionNode = FALSE
	EndGlobalSection
	GlobalSection(ExtensibilityGlobals) = postSolution
		SolutionGuid = {1E65389C-C11B-4091-909A-2EBED6E2B163}
	EndGlobalSection
EndGlobal
